
Microsoft Visual Studio Solution File, Format Version 12.00
# Visual Studio 14
VisualStudioVersion = 14.0.25420.1
MinimumVisualStudioVersion = 10.0.40219.1
Project("{FAE04EC0-301F-11D3-BF4B-00C04F79EFBC}") = "VendingMachine", "VendingMachine\VendingMachine.csproj", "{D3F5A1BF-8E20-43AD-A7AB-83EE633DAE4D}"
EndProject
Project("{FAE04EC0-301F-11D3-BF4B-00C04F79EFBC}") = "VendingMachine.Tests", "VendingMachine.Tests\VendingMachine.Tests.csproj", "{BDBEE7B5-BF69-45EE-B00E-431DFCBC2DAA}"
EndProject
Project("{2150E333-8FDC-42A3-9474-1A3956D46DE8}") = "Solution Items", "Solution Items", "{E444BD7A-5728-4B92-9CA9-797E2AA345E2}"
	ProjectSection(SolutionItems) = preProject
		.gitignore = .gitignore
		README.md = README.md
	EndProjectSection
EndProject
Global
	GlobalSection(SolutionConfigurationPlatforms) = preSolution
		Debug|Any CPU = Debug|Any CPU
		Release|Any CPU = Release|Any CPU
	EndGlobalSection
	GlobalSection(ProjectConfigurationPlatforms) = postSolution
		{D3F5A1BF-8E20-43AD-A7AB-83EE633DAE4D}.Debug|Any CPU.ActiveCfg = Debug|Any CPU
		{D3F5A1BF-8E20-43AD-A7AB-83EE633DAE4D}.Debug|Any CPU.Build.0 = Debug|Any CPU
		{D3F5A1BF-8E20-43AD-A7AB-83EE633DAE4D}.Release|Any CPU.ActiveCfg = Release|Any CPU
		{D3F5A1BF-8E20-43AD-A7AB-83EE633DAE4D}.Release|Any CPU.Build.0 = Release|Any CPU
		{BDBEE7B5-BF69-45EE-B00E-431DFCBC2DAA}.Debug|Any CPU.ActiveCfg = Debug|Any CPU
		{BDBEE7B5-BF69-45EE-B00E-431DFCBC2DAA}.Debug|Any CPU.Build.0 = Debug|Any CPU
		{BDBEE7B5-BF69-45EE-B00E-431DFCBC2DAA}.Release|Any CPU.ActiveCfg = Release|Any CPU
		{BDBEE7B5-BF69-45EE-B00E-431DFCBC2DAA}.Release|Any CPU.Build.0 = Release|Any CPU
	EndGlobalSection
	GlobalSection(SolutionProperties) = preSolution
		HideSolutionNode = FALSE
	EndGlobalSection
EndGlobal
